
Microsoft Visual Studio Solution File, Format Version 12.00
# Visual Studio Version 17
VisualStudioVersion = 17.11.35312.102
MinimumVisualStudioVersion = 10.0.40219.1
Project("{2150E333-8FDC-42A3-9474-1A3956D46DE8}") = "1.- Enterprise Bussines Rules", "1.- Enterprise Bussines Rules", "{4521070B-3524-4BEC-8343-664FC0E986EB}"
EndProject
Project("{2150E333-8FDC-42A3-9474-1A3956D46DE8}") = "2.- Application Bussines Rules", "2.- Application Bussines Rules", "{BA938365-9795-48FE-A29C-2E62B62FA75D}"
EndProject
Project("{2150E333-8FDC-42A3-9474-1A3956D46DE8}") = "3.- Interface Adapters", "3.- Interface Adapters", "{196A6049-4AE7-4376-AC2D-DD65A960D822}"
EndProject
Project("{2150E333-8FDC-42A3-9474-1A3956D46DE8}") = "4.- Frameworks and Drivers", "4.- Frameworks and Drivers", "{1784BD9B-718E-4B78-9B06-BDD7C28DEB25}"
EndProject
Project("{2150E333-8FDC-42A3-9474-1A3956D46DE8}") = "Entities", "Entities", "{03A4DFEA-CA3D-4B44-A7D9-1C4A735D21AD}"
EndProject
Project("{FAE04EC0-301F-11D3-BF4B-00C04F79EFBC}") = "ESPERILLA.Entities", "ESPERILLA.Entities\ESPERILLA.Entities.csproj", "{73264214-04A6-4FD1-9D4B-2204224BBA08}"
EndProject
Project("{2150E333-8FDC-42A3-9474-1A3956D46DE8}") = "Use cases", "Use cases", "{250B08E0-2E4E-4C5F-AAFF-8433F9B32755}"
EndProject
Project("{FAE04EC0-301F-11D3-BF4B-00C04F79EFBC}") = "ESPERILLA.UseCases.DTOs", "ESPERILLA.UseCases.DTOs\ESPERILLA.UseCases.DTOs.csproj", "{9FFD7289-931A-493E-B55A-5411C5D80A55}"
EndProject
Project("{FAE04EC0-301F-11D3-BF4B-00C04F79EFBC}") = "ESPERILLA.UseCases.InputPort", "ESPERILLA.UseCases.InputPort\ESPERILLA.UseCases.InputPort.csproj", "{E9E1219A-50DE-45D4-AEEB-CF10CF3A9BAC}"
EndProject
Project("{FAE04EC0-301F-11D3-BF4B-00C04F79EFBC}") = "ESPERILLA.UseCases.OutputPort", "ESPERILLA.UseCases.OutputPort\ESPERILLA.UseCases.OutputPort.csproj", "{71671544-722D-4110-8933-05E0213F5AA3}"
EndProject
Project("{FAE04EC0-301F-11D3-BF4B-00C04F79EFBC}") = "ESPERILLA.UseCases.Interface", "ESPERILLA.UseCases.Interface\ESPERILLA.UseCases.Interface.csproj", "{EAC70B2F-D256-4B7B-AC0B-B7C829527512}"
EndProject
Project("{FAE04EC0-301F-11D3-BF4B-00C04F79EFBC}") = "ESPERILLA.UseCases.Interactor", "ESPERILLA.UseCases.Interactor\ESPERILLA.UseCases.Interactor.csproj", "{0006FE26-233A-464C-8BB2-5CDDD0E4958A}"
EndProject
Project("{FAE04EC0-301F-11D3-BF4B-00C04F79EFBC}") = "ESPERILLA.UseCases.Validator", "ESPERILLA.UseCases.Validator\ESPERILLA.UseCases.Validator.csproj", "{16819863-B17F-4068-A5AF-261764CEBC9F}"
EndProject
Project("{2150E333-8FDC-42A3-9474-1A3956D46DE8}") = "Controllers", "Controllers", "{3E9F1DB5-484C-4884-B96C-575A4E34E9CB}"
EndProject
Project("{FAE04EC0-301F-11D3-BF4B-00C04F79EFBC}") = "ESPERILLA.Controllers", "ESPERILLA.Controllers\ESPERILLA.Controllers.csproj", "{BDAE2E20-5D25-457E-874A-3B7EACC1D7E6}"
EndProject
Project("{2150E333-8FDC-42A3-9474-1A3956D46DE8}") = "Gateways", "Gateways", "{F92EE775-30DA-4185-85BF-54E119B9685C}"
EndProject
Project("{FAE04EC0-301F-11D3-BF4B-00C04F79EFBC}") = "ESPERILLA.Gateways.SqlServer", "ESPERILLA.Gateways.SqlServer\ESPERILLA.Gateways.SqlServer.csproj", "{CD9A7589-B5FA-4BA0-BC41-BF202E404F4E}"
EndProject
Project("{2150E333-8FDC-42A3-9474-1A3956D46DE8}") = "UIs", "UIs", "{8890373F-6305-4C88-ADCF-A400B318C85B}"
EndProject
Project("{FAE04EC0-301F-11D3-BF4B-00C04F79EFBC}") = "ESPERILLA.WebApi", "ESPERILLA.WebApi\ESPERILLA.WebApi.csproj", "{A762C983-6D99-425E-BDE8-097603F9D646}"
EndProject
Project("{2150E333-8FDC-42A3-9474-1A3956D46DE8}") = "Presenters", "Presenters", "{8284D1DE-83F0-4FE4-B7F5-A43F1386B975}"
EndProject
Project("{FAE04EC0-301F-11D3-BF4B-00C04F79EFBC}") = "ESPERILLA.Presenters", "ESPERILLA.Presenters\ESPERILLA.Presenters.csproj", "{3C63590E-2247-4D7C-B016-F071D9101FC3}"
EndProject
Global
	GlobalSection(SolutionConfigurationPlatforms) = preSolution
		Debug|Any CPU = Debug|Any CPU
		Release|Any CPU = Release|Any CPU
	EndGlobalSection
	GlobalSection(ProjectConfigurationPlatforms) = postSolution
		{73264214-04A6-4FD1-9D4B-2204224BBA08}.Debug|Any CPU.ActiveCfg = Debug|Any CPU
		{73264214-04A6-4FD1-9D4B-2204224BBA08}.Debug|Any CPU.Build.0 = Debug|Any CPU
		{73264214-04A6-4FD1-9D4B-2204224BBA08}.Release|Any CPU.ActiveCfg = Release|Any CPU
		{73264214-04A6-4FD1-9D4B-2204224BBA08}.Release|Any CPU.Build.0 = Release|Any CPU
		{9FFD7289-931A-493E-B55A-5411C5D80A55}.Debug|Any CPU.ActiveCfg = Debug|Any CPU
		{9FFD7289-931A-493E-B55A-5411C5D80A55}.Debug|Any CPU.Build.0 = Debug|Any CPU
		{9FFD7289-931A-493E-B55A-5411C5D80A55}.Release|Any CPU.ActiveCfg = Release|Any CPU
		{9FFD7289-931A-493E-B55A-5411C5D80A55}.Release|Any CPU.Build.0 = Release|Any CPU
		{E9E1219A-50DE-45D4-AEEB-CF10CF3A9BAC}.Debug|Any CPU.ActiveCfg = Debug|Any CPU
		{E9E1219A-50DE-45D4-AEEB-CF10CF3A9BAC}.Debug|Any CPU.Build.0 = Debug|Any CPU
		{E9E1219A-50DE-45D4-AEEB-CF10CF3A9BAC}.Release|Any CPU.ActiveCfg = Release|Any CPU
		{E9E1219A-50DE-45D4-AEEB-CF10CF3A9BAC}.Release|Any CPU.Build.0 = Release|Any CPU
		{71671544-722D-4110-8933-05E0213F5AA3}.Debug|Any CPU.ActiveCfg = Debug|Any CPU
		{71671544-722D-4110-8933-05E0213F5AA3}.Debug|Any CPU.Build.0 = Debug|Any CPU
		{71671544-722D-4110-8933-05E0213F5AA3}.Release|Any CPU.ActiveCfg = Release|Any CPU
		{71671544-722D-4110-8933-05E0213F5AA3}.Release|Any CPU.Build.0 = Release|Any CPU
		{EAC70B2F-D256-4B7B-AC0B-B7C829527512}.Debug|Any CPU.ActiveCfg = Debug|Any CPU
		{EAC70B2F-D256-4B7B-AC0B-B7C829527512}.Debug|Any CPU.Build.0 = Debug|Any CPU
		{EAC70B2F-D256-4B7B-AC0B-B7C829527512}.Release|Any CPU.ActiveCfg = Release|Any CPU
		{EAC70B2F-D256-4B7B-AC0B-B7C829527512}.Release|Any CPU.Build.0 = Release|Any CPU
		{0006FE26-233A-464C-8BB2-5CDDD0E4958A}.Debug|Any CPU.ActiveCfg = Debug|Any CPU
		{0006FE26-233A-464C-8BB2-5CDDD0E4958A}.Debug|Any CPU.Build.0 = Debug|Any CPU
		{0006FE26-233A-464C-8BB2-5CDDD0E4958A}.Release|Any CPU.ActiveCfg = Release|Any CPU
		{0006FE26-233A-464C-8BB2-5CDDD0E4958A}.Release|Any CPU.Build.0 = Release|Any CPU
		{16819863-B17F-4068-A5AF-261764CEBC9F}.Debug|Any CPU.ActiveCfg = Debug|Any CPU
		{16819863-B17F-4068-A5AF-261764CEBC9F}.Debug|Any CPU.Build.0 = Debug|Any CPU
		{16819863-B17F-4068-A5AF-261764CEBC9F}.Release|Any CPU.ActiveCfg = Release|Any CPU
		{16819863-B17F-4068-A5AF-261764CEBC9F}.Release|Any CPU.Build.0 = Release|Any CPU
		{BDAE2E20-5D25-457E-874A-3B7EACC1D7E6}.Debug|Any CPU.ActiveCfg = Debug|Any CPU
		{BDAE2E20-5D25-457E-874A-3B7EACC1D7E6}.Debug|Any CPU.Build.0 = Debug|Any CPU
		{BDAE2E20-5D25-457E-874A-3B7EACC1D7E6}.Release|Any CPU.ActiveCfg = Release|Any CPU
		{BDAE2E20-5D25-457E-874A-3B7EACC1D7E6}.Release|Any CPU.Build.0 = Release|Any CPU
		{CD9A7589-B5FA-4BA0-BC41-BF202E404F4E}.Debug|Any CPU.ActiveCfg = Debug|Any CPU
		{CD9A7589-B5FA-4BA0-BC41-BF202E404F4E}.Debug|Any CPU.Build.0 = Debug|Any CPU
		{CD9A7589-B5FA-4BA0-BC41-BF202E404F4E}.Release|Any CPU.ActiveCfg = Release|Any CPU
		{CD9A7589-B5FA-4BA0-BC41-BF202E404F4E}.Release|Any CPU.Build.0 = Release|Any CPU
		{A762C983-6D99-425E-BDE8-097603F9D646}.Debug|Any CPU.ActiveCfg = Debug|Any CPU
		{A762C983-6D99-425E-BDE8-097603F9D646}.Debug|Any CPU.Build.0 = Debug|Any CPU
		{A762C983-6D99-425E-BDE8-097603F9D646}.Release|Any CPU.ActiveCfg = Release|Any CPU
		{A762C983-6D99-425E-BDE8-097603F9D646}.Release|Any CPU.Build.0 = Release|Any CPU
		{3C63590E-2247-4D7C-B016-F071D9101FC3}.Debug|Any CPU.ActiveCfg = Debug|Any CPU
		{3C63590E-2247-4D7C-B016-F071D9101FC3}.Debug|Any CPU.Build.0 = Debug|Any CPU
		{3C63590E-2247-4D7C-B016-F071D9101FC3}.Release|Any CPU.ActiveCfg = Release|Any CPU
		{3C63590E-2247-4D7C-B016-F071D9101FC3}.Release|Any CPU.Build.0 = Release|Any CPU
	EndGlobalSection
	GlobalSection(SolutionProperties) = preSolution
		HideSolutionNode = FALSE
	EndGlobalSection
	GlobalSection(NestedProjects) = preSolution
		{03A4DFEA-CA3D-4B44-A7D9-1C4A735D21AD} = {4521070B-3524-4BEC-8343-664FC0E986EB}
		{73264214-04A6-4FD1-9D4B-2204224BBA08} = {03A4DFEA-CA3D-4B44-A7D9-1C4A735D21AD}
		{250B08E0-2E4E-4C5F-AAFF-8433F9B32755} = {BA938365-9795-48FE-A29C-2E62B62FA75D}
		{9FFD7289-931A-493E-B55A-5411C5D80A55} = {250B08E0-2E4E-4C5F-AAFF-8433F9B32755}
		{E9E1219A-50DE-45D4-AEEB-CF10CF3A9BAC} = {250B08E0-2E4E-4C5F-AAFF-8433F9B32755}
		{71671544-722D-4110-8933-05E0213F5AA3} = {250B08E0-2E4E-4C5F-AAFF-8433F9B32755}
		{EAC70B2F-D256-4B7B-AC0B-B7C829527512} = {250B08E0-2E4E-4C5F-AAFF-8433F9B32755}
		{0006FE26-233A-464C-8BB2-5CDDD0E4958A} = {250B08E0-2E4E-4C5F-AAFF-8433F9B32755}
		{16819863-B17F-4068-A5AF-261764CEBC9F} = {250B08E0-2E4E-4C5F-AAFF-8433F9B32755}
		{3E9F1DB5-484C-4884-B96C-575A4E34E9CB} = {196A6049-4AE7-4376-AC2D-DD65A960D822}
		{BDAE2E20-5D25-457E-874A-3B7EACC1D7E6} = {3E9F1DB5-484C-4884-B96C-575A4E34E9CB}
		{F92EE775-30DA-4185-85BF-54E119B9685C} = {196A6049-4AE7-4376-AC2D-DD65A960D822}
		{CD9A7589-B5FA-4BA0-BC41-BF202E404F4E} = {F92EE775-30DA-4185-85BF-54E119B9685C}
		{8890373F-6305-4C88-ADCF-A400B318C85B} = {1784BD9B-718E-4B78-9B06-BDD7C28DEB25}
		{A762C983-6D99-425E-BDE8-097603F9D646} = {8890373F-6305-4C88-ADCF-A400B318C85B}
		{8284D1DE-83F0-4FE4-B7F5-A43F1386B975} = {196A6049-4AE7-4376-AC2D-DD65A960D822}
		{3C63590E-2247-4D7C-B016-F071D9101FC3} = {8284D1DE-83F0-4FE4-B7F5-A43F1386B975}
	EndGlobalSection
	GlobalSection(ExtensibilityGlobals) = postSolution
		SolutionGuid = {DA93AADF-E55A-40C9-AE75-75CF8CC5F66B}
	EndGlobalSection
EndGlobal
